github.com/bufbuild/connect-go v0.3.0 h1:B0vyZrTR11SNEYpodL6P0NzluDCsuqmr8CNKblXvVto=
github.com/bufbuild/connect-go v0.3.0/go.mod h1:4efZ2eXFENwd4p7tuLaL9m0qtTsCOzuBvrohvRGevDM=
github.com/davecgh/go-spew v1.1.1 h1:vj9j/u1bqnvCEfJOwUhtlOARqs3+rkHYY13jYWTU97c=
github.com/golang/protobuf v1.5.0/go.mod h1:FsONVRAS9T7sI+LIUmWTfcYkHO4aIWwzhcaSAoJOfIk=
github.com/google/go-cmp v0.5.5/go.mod h1:v8dTdLbMG2kIc/vJvl+f65V22dbkXbowE6jgT/gNBxE=
github.com/google/go-cmp v0.5.8 h1:e6P7q2lk1O+qJJb4BtCQXlK8vWEO8V1ZeuEdJNOqZyg=
github.com/google/shlex v0.0.0-20191202100458-e7afc7fbc510 h1:El6M4kTTCOh6aBiKaUGG7oYTSPP8MxqL4YI3kZKwcP4=
github.com/google/shlex v0.0.0-20191202100458-e7afc7fbc510/go.mod h1:pupxD2MaaD3pAXIBCelhxNneeOaAeabZDe5s4K6zSpQ=
github.com/pmezard/go-difflib v1.0.0 h1:4DBwDE0NGyQoBHbLQYPwSUPoCMWR5BEzIk/f1lZbAQM=
github.com/shibukawa/acquire-go v1.0.0 h1:wtWFn/SaUlpNKMdWhaxv91bohgAvSxWvZZwaY/1AVuk=
github.com/shibukawa/acquire-go v1.0.0/go.mod h1:qNFR0+pDjqOx7ZpUVoF80jozjVpQKOi9JYaZyzp4Haw=
github.com/shibukawa/frontend-go v0.0.0-20220730155808-6c54e3c11227 h1:b93GpeOxtxLGS0sLNu4RM2SzXqe5Daix/MHMKNiL1TI=
github.com/shibukawa/frontend-go v0.0.0-20220730155808-6c54e3c11227/go.mod h1:l+HgzGK0NpuFgp7a5KRX8iMJHuPDZkIh6eE3pYwV/To=
github.com/stretchr/testify v1.8.0 h1:pSgiaMZlXftHpm5L7V1+rVB+AZJydKsMxsQBIJw4PKk=
golang.org/x/net v0.0.0-20220805013720-a33c5aa5df48 h1:N9Vc/rorQUDes6B9CNdIxAn5jODGj2wzfrei2x4wNj4=
golang.org/x/net v0.0.0-20220805013720-a33c5aa5df48/go.mod h1:YDH+HFinaLZZlnHAfSS6ZXJJ9M9t4Dl22yv3iI2vPwk=
golang.org/x/text v0.3.7 h1:olpwvP2KacW1ZWvsR7uQhoyTYvKAupfQrRGBFM352Gk=
golang.org/x/text v0.3.7/go.mod h1:u+2+/6zg+i71rQMx5EYifcz6MCKuco9NR6JIITiCfzQ=
golang.org/x/xerrors v0.0.0-20191204190536-9bdfabe68543/go.mod h1:I/5z698sn9Ka8TeJc9MKroUUfqBBauWjQqLJ2OPfmY0=
google.golang.org/protobuf v1.26.0-rc.1/go.mod h1:jlhhOSvTdKEhbULTjvd4ARK9grFBp09yW+WbY/TyQbw=
google.golang.org/protobuf v1.28.1 h1:d0NfwRgPtno5B1Wa6L2DAG+KivqkdutMf1UhdNx175w=
google.golang.org/protobuf v1.28.1/go.mod h1:HV8QOd/L58Z+nl8r43ehVNZIU/HEI6OcFqwMG9pJV4I=
gopkg.in/yaml.v3 v3.0.1 h1:fxVm/GzAzEWqLHuvctI91KS9hhNmmWOoWu0XTYJS7CA=
